
Microsoft Visual Studio Solution File, Format Version 12.00
# Visual Studio Version 16
VisualStudioVersion = 16.0.29911.84
MinimumVisualStudioVersion = 10.0.40219.1
Project("{FAE04EC0-301F-11D3-BF4B-00C04F79EFBC}") = "ProbneKolokwium2", "ProbneKolokwium2\ProbneKolokwium2.csproj", "{AF907031-EF2B-4991-A1C9-7261371A3F0F}"
EndProject
Global
	GlobalSection(SolutionConfigurationPlatforms) = preSolution
		Debug|Any CPU = Debug|Any CPU
		Release|Any CPU = Release|Any CPU
	EndGlobalSection
	GlobalSection(ProjectConfigurationPlatforms) = postSolution
		{AF907031-EF2B-4991-A1C9-7261371A3F0F}.Debug|Any CPU.ActiveCfg = Debug|Any CPU
		{AF907031-EF2B-4991-A1C9-7261371A3F0F}.Debug|Any CPU.Build.0 = Debug|Any CPU
		{AF907031-EF2B-4991-A1C9-7261371A3F0F}.Release|Any CPU.ActiveCfg = Release|Any CPU
		{AF907031-EF2B-4991-A1C9-7261371A3F0F}.Release|Any CPU.Build.0 = Release|Any CPU
	EndGlobalSection
	GlobalSection(SolutionProperties) = preSolution
		HideSolutionNode = FALSE
	EndGlobalSection
	GlobalSection(ExtensibilityGlobals) = postSolution
		SolutionGuid = {F18029A9-61D4-41FE-92E7-50AD896472D2}
	EndGlobalSection
EndGlobal
